
Microsoft Visual Studio Solution File, Format Version 12.00
# Visual Studio Version 17
VisualStudioVersion = 17.14.36414.22 d17.14
MinimumVisualStudioVersion = 10.0.40219.1
Project("{FAE04EC0-301F-11D3-BF4B-00C04F79EFBC}") = "QLSV", "QLSV\QLSV.csproj", "{964156A0-143D-4C67-819F-23FDCE05B271}"
EndProject
Global
	GlobalSection(SolutionConfigurationPlatforms) = preSolution
		Debug|Any CPU = Debug|Any CPU
		Release|Any CPU = Release|Any CPU
	EndGlobalSection
	GlobalSection(ProjectConfigurationPlatforms) = postSolution
		{964156A0-143D-4C67-819F-23FDCE05B271}.Debug|Any CPU.ActiveCfg = Debug|Any CPU
		{964156A0-143D-4C67-819F-23FDCE05B271}.Debug|Any CPU.Build.0 = Debug|Any CPU
		{964156A0-143D-4C67-819F-23FDCE05B271}.Release|Any CPU.ActiveCfg = Release|Any CPU
		{964156A0-143D-4C67-819F-23FDCE05B271}.Release|Any CPU.Build.0 = Release|Any CPU
	EndGlobalSection
	GlobalSection(SolutionProperties) = preSolution
		HideSolutionNode = FALSE
	EndGlobalSection
	GlobalSection(ExtensibilityGlobals) = postSolution
		SolutionGuid = {9CCD89DB-9052-43EA-978E-453A0B0E0368}
	EndGlobalSection
EndGlobal
